
Microsoft Visual Studio Solution File, Format Version 12.00
# Visual Studio 15
VisualStudioVersion = 15.0.28307.168
MinimumVisualStudioVersion = 10.0.40219.1
Project("{FAE04EC0-301F-11D3-BF4B-00C04F79EFBC}") = "UnitTestingSample", "UnitTestingSample\UnitTestingSample.csproj", "{08BD7064-66D4-45EC-9E28-A5931C3E9BB7}"
EndProject
Project("{FAE04EC0-301F-11D3-BF4B-00C04F79EFBC}") = "UnitTestingSample.Test", "UnitTestingSample.Test\UnitTestingSample.Test.csproj", "{374CEDDA-85DD-4027-8A28-747FF948D189}"
EndProject
Global
	GlobalSection(SolutionConfigurationPlatforms) = preSolution
		Debug|Any CPU = Debug|Any CPU
		Release|Any CPU = Release|Any CPU
	EndGlobalSection
	GlobalSection(ProjectConfigurationPlatforms) = postSolution
		{08BD7064-66D4-45EC-9E28-A5931C3E9BB7}.Debug|Any CPU.ActiveCfg = Debug|Any CPU
		{08BD7064-66D4-45EC-9E28-A5931C3E9BB7}.Debug|Any CPU.Build.0 = Debug|Any CPU
		{08BD7064-66D4-45EC-9E28-A5931C3E9BB7}.Release|Any CPU.ActiveCfg = Release|Any CPU
		{08BD7064-66D4-45EC-9E28-A5931C3E9BB7}.Release|Any CPU.Build.0 = Release|Any CPU
		{374CEDDA-85DD-4027-8A28-747FF948D189}.Debug|Any CPU.ActiveCfg = Debug|Any CPU
		{374CEDDA-85DD-4027-8A28-747FF948D189}.Debug|Any CPU.Build.0 = Debug|Any CPU
		{374CEDDA-85DD-4027-8A28-747FF948D189}.Release|Any CPU.ActiveCfg = Release|Any CPU
		{374CEDDA-85DD-4027-8A28-747FF948D189}.Release|Any CPU.Build.0 = Release|Any CPU
	EndGlobalSection
	GlobalSection(SolutionProperties) = preSolution
		HideSolutionNode = FALSE
	EndGlobalSection
	GlobalSection(ExtensibilityGlobals) = postSolution
		SolutionGuid = {5A826518-B1BF-40E2-88E9-12FFDBBDD00B}
	EndGlobalSection
EndGlobal
